{
  "name": "test",
  "version": "1.0.0",
  "lockfileVersion": 1,
  "requires": true,
  "dependencies": {
    "painter-kernel": {
      "version": "1.0.5",
      "resolved": "http://npm-registry.qunhequnhe.com/painter-kernel/download/painter-kernel-1.0.5.tgz",
      "integrity": "sha1-hQecPLRogqUbVW2ciiERs3OU69U="
    }
  }
}
